
Microsoft Visual Studio Solution File, Format Version 12.00
# Visual Studio Version 16
VisualStudioVersion = 16.0.31129.286
MinimumVisualStudioVersion = 10.0.40219.1
Project("{9A19103F-16F7-4668-BE54-9A1E7A4F7556}") = "F1Pitwall.Telemetry", "src\F1Pitwall.Telemetry\F1Pitwall.Telemetry.csproj", "{C1F77FB2-F83A-420B-86FA-1297F92D2D30}"
EndProject
Project("{2150E333-8FDC-42A3-9474-1A3956D46DE8}") = "Libraries", "Libraries", "{EA4567EE-4E62-4158-BE8A-78979B7F5D93}"
EndProject
Project("{9A19103F-16F7-4668-BE54-9A1E7A4F7556}") = "F1Pitwall.Connector", "src\F1Pitwall.Connector\F1Pitwall.Connector.csproj", "{B41DA070-9EC4-4A85-8432-C8AA9E4FD631}"
EndProject
Project("{9A19103F-16F7-4668-BE54-9A1E7A4F7556}") = "F1Pitwall.Workbench", "src\F1Pitwall.Workbench\F1Pitwall.Workbench.csproj", "{DC72BDDA-E302-4646-A2BC-163496D68930}"
EndProject
Project("{9A19103F-16F7-4668-BE54-9A1E7A4F7556}") = "F1Pitwall.Telemetry.Server", "src\F1Pitwall.Telemetry.Server\F1Pitwall.Telemetry.Server.csproj", "{16E068E2-CB21-4F37-8306-229726AB72D1}"
EndProject
Project("{9A19103F-16F7-4668-BE54-9A1E7A4F7556}") = "F1Pitwall.Telemetry.Server.Kinesis", "src\F1Pitwall.Telemetry.Server.Kinesis\F1Pitwall.Telemetry.Server.Kinesis.csproj", "{19C7F3EB-CC83-487A-9FE4-C2FEF034C8B5}"
EndProject
Project("{2150E333-8FDC-42A3-9474-1A3956D46DE8}") = "Functions", "Functions", "{64606185-013D-4D3D-BCF1-6A58F94FA0FE}"
EndProject
Project("{9A19103F-16F7-4668-BE54-9A1E7A4F7556}") = "F1Pitwall.Processor", "src\F1Pitwall.Processor\F1Pitwall.Processor.csproj", "{F22DDE0C-6204-4C7B-ACF5-25615B503266}"
EndProject
Project("{9A19103F-16F7-4668-BE54-9A1E7A4F7556}") = "F1Pitwall.WebSocketApi", "src\F1Pitwall.WebSocketApi\F1Pitwall.WebSocketApi.csproj", "{3A817AB8-109C-4B89-BF7B-633DFACB07BE}"
EndProject
Project("{9A19103F-16F7-4668-BE54-9A1E7A4F7556}") = "F1Pitwall.Models", "src\F1Pitwall.Models\F1Pitwall.Models.csproj", "{74E83D60-36EA-4B96-B337-0825573930BE}"
EndProject
Global
	GlobalSection(SolutionConfigurationPlatforms) = preSolution
		Debug|Any CPU = Debug|Any CPU
		Debug|arm64 = Debug|arm64
		Debug|x64 = Debug|x64
		Debug|x86 = Debug|x86
		Release|Any CPU = Release|Any CPU
		Release|arm64 = Release|arm64
		Release|x64 = Release|x64
		Release|x86 = Release|x86
	EndGlobalSection
	GlobalSection(ProjectConfigurationPlatforms) = postSolution
		{C1F77FB2-F83A-420B-86FA-1297F92D2D30}.Debug|Any CPU.ActiveCfg = Debug|Any CPU
		{C1F77FB2-F83A-420B-86FA-1297F92D2D30}.Debug|Any CPU.Build.0 = Debug|Any CPU
		{C1F77FB2-F83A-420B-86FA-1297F92D2D30}.Debug|arm64.ActiveCfg = Debug|Any CPU
		{C1F77FB2-F83A-420B-86FA-1297F92D2D30}.Debug|arm64.Build.0 = Debug|Any CPU
		{C1F77FB2-F83A-420B-86FA-1297F92D2D30}.Debug|x64.ActiveCfg = Debug|Any CPU
		{C1F77FB2-F83A-420B-86FA-1297F92D2D30}.Debug|x64.Build.0 = Debug|Any CPU
		{C1F77FB2-F83A-420B-86FA-1297F92D2D30}.Debug|x86.ActiveCfg = Debug|Any CPU
		{C1F77FB2-F83A-420B-86FA-1297F92D2D30}.Debug|x86.Build.0 = Debug|Any CPU
		{C1F77FB2-F83A-420B-86FA-1297F92D2D30}.Release|Any CPU.ActiveCfg = Release|Any CPU
		{C1F77FB2-F83A-420B-86FA-1297F92D2D30}.Release|Any CPU.Build.0 = Release|Any CPU
		{C1F77FB2-F83A-420B-86FA-1297F92D2D30}.Release|arm64.ActiveCfg = Release|Any CPU
		{C1F77FB2-F83A-420B-86FA-1297F92D2D30}.Release|arm64.Build.0 = Release|Any CPU
		{C1F77FB2-F83A-420B-86FA-1297F92D2D30}.Release|x64.ActiveCfg = Release|Any CPU
		{C1F77FB2-F83A-420B-86FA-1297F92D2D30}.Release|x64.Build.0 = Release|Any CPU
		{C1F77FB2-F83A-420B-86FA-1297F92D2D30}.Release|x86.ActiveCfg = Release|Any CPU
		{C1F77FB2-F83A-420B-86FA-1297F92D2D30}.Release|x86.Build.0 = Release|Any CPU
		{B41DA070-9EC4-4A85-8432-C8AA9E4FD631}.Debug|Any CPU.ActiveCfg = Debug|Any CPU
		{B41DA070-9EC4-4A85-8432-C8AA9E4FD631}.Debug|Any CPU.Build.0 = Debug|Any CPU
		{B41DA070-9EC4-4A85-8432-C8AA9E4FD631}.Debug|arm64.ActiveCfg = Debug|Any CPU
		{B41DA070-9EC4-4A85-8432-C8AA9E4FD631}.Debug|arm64.Build.0 = Debug|Any CPU
		{B41DA070-9EC4-4A85-8432-C8AA9E4FD631}.Debug|x64.ActiveCfg = Debug|Any CPU
		{B41DA070-9EC4-4A85-8432-C8AA9E4FD631}.Debug|x64.Build.0 = Debug|Any CPU
		{B41DA070-9EC4-4A85-8432-C8AA9E4FD631}.Debug|x86.ActiveCfg = Debug|Any CPU
		{B41DA070-9EC4-4A85-8432-C8AA9E4FD631}.Debug|x86.Build.0 = Debug|Any CPU
		{B41DA070-9EC4-4A85-8432-C8AA9E4FD631}.Release|Any CPU.ActiveCfg = Release|Any CPU
		{B41DA070-9EC4-4A85-8432-C8AA9E4FD631}.Release|Any CPU.Build.0 = Release|Any CPU
		{B41DA070-9EC4-4A85-8432-C8AA9E4FD631}.Release|arm64.ActiveCfg = Release|Any CPU
		{B41DA070-9EC4-4A85-8432-C8AA9E4FD631}.Release|arm64.Build.0 = Release|Any CPU
		{B41DA070-9EC4-4A85-8432-C8AA9E4FD631}.Release|x64.ActiveCfg = Release|Any CPU
		{B41DA070-9EC4-4A85-8432-C8AA9E4FD631}.Release|x64.Build.0 = Release|Any CPU
		{B41DA070-9EC4-4A85-8432-C8AA9E4FD631}.Release|x86.ActiveCfg = Release|Any CPU
		{B41DA070-9EC4-4A85-8432-C8AA9E4FD631}.Release|x86.Build.0 = Release|Any CPU
		{DC72BDDA-E302-4646-A2BC-163496D68930}.Debug|Any CPU.ActiveCfg = Debug|Any CPU
		{DC72BDDA-E302-4646-A2BC-163496D68930}.Debug|Any CPU.Build.0 = Debug|Any CPU
		{DC72BDDA-E302-4646-A2BC-163496D68930}.Debug|arm64.ActiveCfg = Debug|Any CPU
		{DC72BDDA-E302-4646-A2BC-163496D68930}.Debug|arm64.Build.0 = Debug|Any CPU
		{DC72BDDA-E302-4646-A2BC-163496D68930}.Debug|x64.ActiveCfg = Debug|Any CPU
		{DC72BDDA-E302-4646-A2BC-163496D68930}.Debug|x64.Build.0 = Debug|Any CPU
		{DC72BDDA-E302-4646-A2BC-163496D68930}.Debug|x86.ActiveCfg = Debug|Any CPU
		{DC72BDDA-E302-4646-A2BC-163496D68930}.Debug|x86.Build.0 = Debug|Any CPU
		{DC72BDDA-E302-4646-A2BC-163496D68930}.Release|Any CPU.ActiveCfg = Release|Any CPU
		{DC72BDDA-E302-4646-A2BC-163496D68930}.Release|Any CPU.Build.0 = Release|Any CPU
		{DC72BDDA-E302-4646-A2BC-163496D68930}.Release|arm64.ActiveCfg = Release|Any CPU
		{DC72BDDA-E302-4646-A2BC-163496D68930}.Release|arm64.Build.0 = Release|Any CPU
		{DC72BDDA-E302-4646-A2BC-163496D68930}.Release|x64.ActiveCfg = Release|Any CPU
		{DC72BDDA-E302-4646-A2BC-163496D68930}.Release|x64.Build.0 = Release|Any CPU
		{DC72BDDA-E302-4646-A2BC-163496D68930}.Release|x86.ActiveCfg = Release|Any CPU
		{DC72BDDA-E302-4646-A2BC-163496D68930}.Release|x86.Build.0 = Release|Any CPU
		{16E068E2-CB21-4F37-8306-229726AB72D1}.Debug|Any CPU.ActiveCfg = Debug|Any CPU
		{16E068E2-CB21-4F37-8306-229726AB72D1}.Debug|Any CPU.Build.0 = Debug|Any CPU
		{16E068E2-CB21-4F37-8306-229726AB72D1}.Debug|arm64.ActiveCfg = Debug|Any CPU
		{16E068E2-CB21-4F37-8306-229726AB72D1}.Debug|arm64.Build.0 = Debug|Any CPU
		{16E068E2-CB21-4F37-8306-229726AB72D1}.Debug|x64.ActiveCfg = Debug|Any CPU
		{16E068E2-CB21-4F37-8306-229726AB72D1}.Debug|x64.Build.0 = Debug|Any CPU
		{16E068E2-CB21-4F37-8306-229726AB72D1}.Debug|x86.ActiveCfg = Debug|Any CPU
		{16E068E2-CB21-4F37-8306-229726AB72D1}.Debug|x86.Build.0 = Debug|Any CPU
		{16E068E2-CB21-4F37-8306-229726AB72D1}.Release|Any CPU.ActiveCfg = Release|Any CPU
		{16E068E2-CB21-4F37-8306-229726AB72D1}.Release|Any CPU.Build.0 = Release|Any CPU
		{16E068E2-CB21-4F37-8306-229726AB72D1}.Release|arm64.ActiveCfg = Release|Any CPU
		{16E068E2-CB21-4F37-8306-229726AB72D1}.Release|arm64.Build.0 = Release|Any CPU
		{16E068E2-CB21-4F37-8306-229726AB72D1}.Release|x64.ActiveCfg = Release|Any CPU
		{16E068E2-CB21-4F37-8306-229726AB72D1}.Release|x64.Build.0 = Release|Any CPU
		{16E068E2-CB21-4F37-8306-229726AB72D1}.Release|x86.ActiveCfg = Release|Any CPU
		{16E068E2-CB21-4F37-8306-229726AB72D1}.Release|x86.Build.0 = Release|Any CPU
		{19C7F3EB-CC83-487A-9FE4-C2FEF034C8B5}.Debug|Any CPU.ActiveCfg = Debug|Any CPU
		{19C7F3EB-CC83-487A-9FE4-C2FEF034C8B5}.Debug|Any CPU.Build.0 = Debug|Any CPU
		{19C7F3EB-CC83-487A-9FE4-C2FEF034C8B5}.Debug|arm64.ActiveCfg = Debug|Any CPU
		{19C7F3EB-CC83-487A-9FE4-C2FEF034C8B5}.Debug|arm64.Build.0 = Debug|Any CPU
		{19C7F3EB-CC83-487A-9FE4-C2FEF034C8B5}.Debug|x64.ActiveCfg = Debug|Any CPU
		{19C7F3EB-CC83-487A-9FE4-C2FEF034C8B5}.Debug|x64.Build.0 = Debug|Any CPU
		{19C7F3EB-CC83-487A-9FE4-C2FEF034C8B5}.Debug|x86.ActiveCfg = Debug|Any CPU
		{19C7F3EB-CC83-487A-9FE4-C2FEF034C8B5}.Debug|x86.Build.0 = Debug|Any CPU
		{19C7F3EB-CC83-487A-9FE4-C2FEF034C8B5}.Release|Any CPU.ActiveCfg = Release|Any CPU
		{19C7F3EB-CC83-487A-9FE4-C2FEF034C8B5}.Release|Any CPU.Build.0 = Release|Any CPU
		{19C7F3EB-CC83-487A-9FE4-C2FEF034C8B5}.Release|arm64.ActiveCfg = Release|Any CPU
		{19C7F3EB-CC83-487A-9FE4-C2FEF034C8B5}.Release|arm64.Build.0 = Release|Any CPU
		{19C7F3EB-CC83-487A-9FE4-C2FEF034C8B5}.Release|x64.ActiveCfg = Release|Any CPU
		{19C7F3EB-CC83-487A-9FE4-C2FEF034C8B5}.Release|x64.Build.0 = Release|Any CPU
		{19C7F3EB-CC83-487A-9FE4-C2FEF034C8B5}.Release|x86.ActiveCfg = Release|Any CPU
		{19C7F3EB-CC83-487A-9FE4-C2FEF034C8B5}.Release|x86.Build.0 = Release|Any CPU
		{F22DDE0C-6204-4C7B-ACF5-25615B503266}.Debug|Any CPU.ActiveCfg = Debug|Any CPU
		{F22DDE0C-6204-4C7B-ACF5-25615B503266}.Debug|Any CPU.Build.0 = Debug|Any CPU
		{F22DDE0C-6204-4C7B-ACF5-25615B503266}.Debug|arm64.ActiveCfg = Debug|Any CPU
		{F22DDE0C-6204-4C7B-ACF5-25615B503266}.Debug|arm64.Build.0 = Debug|Any CPU
		{F22DDE0C-6204-4C7B-ACF5-25615B503266}.Debug|x64.ActiveCfg = Debug|Any CPU
		{F22DDE0C-6204-4C7B-ACF5-25615B503266}.Debug|x64.Build.0 = Debug|Any CPU
		{F22DDE0C-6204-4C7B-ACF5-25615B503266}.Debug|x86.ActiveCfg = Debug|Any CPU
		{F22DDE0C-6204-4C7B-ACF5-25615B503266}.Debug|x86.Build.0 = Debug|Any CPU
		{F22DDE0C-6204-4C7B-ACF5-25615B503266}.Release|Any CPU.ActiveCfg = Release|Any CPU
		{F22DDE0C-6204-4C7B-ACF5-25615B503266}.Release|Any CPU.Build.0 = Release|Any CPU
		{F22DDE0C-6204-4C7B-ACF5-25615B503266}.Release|arm64.ActiveCfg = Release|Any CPU
		{F22DDE0C-6204-4C7B-ACF5-25615B503266}.Release|arm64.Build.0 = Release|Any CPU
		{F22DDE0C-6204-4C7B-ACF5-25615B503266}.Release|x64.ActiveCfg = Release|Any CPU
		{F22DDE0C-6204-4C7B-ACF5-25615B503266}.Release|x64.Build.0 = Release|Any CPU
		{F22DDE0C-6204-4C7B-ACF5-25615B503266}.Release|x86.ActiveCfg = Release|Any CPU
		{F22DDE0C-6204-4C7B-ACF5-25615B503266}.Release|x86.Build.0 = Release|Any CPU
		{3A817AB8-109C-4B89-BF7B-633DFACB07BE}.Debug|Any CPU.ActiveCfg = Debug|Any CPU
		{3A817AB8-109C-4B89-BF7B-633DFACB07BE}.Debug|Any CPU.Build.0 = Debug|Any CPU
		{3A817AB8-109C-4B89-BF7B-633DFACB07BE}.Debug|arm64.ActiveCfg = Debug|Any CPU
		{3A817AB8-109C-4B89-BF7B-633DFACB07BE}.Debug|arm64.Build.0 = Debug|Any CPU
		{3A817AB8-109C-4B89-BF7B-633DFACB07BE}.Debug|x64.ActiveCfg = Debug|Any CPU
		{3A817AB8-109C-4B89-BF7B-633DFACB07BE}.Debug|x64.Build.0 = Debug|Any CPU
		{3A817AB8-109C-4B89-BF7B-633DFACB07BE}.Debug|x86.ActiveCfg = Debug|Any CPU
		{3A817AB8-109C-4B89-BF7B-633DFACB07BE}.Debug|x86.Build.0 = Debug|Any CPU
		{3A817AB8-109C-4B89-BF7B-633DFACB07BE}.Release|Any CPU.ActiveCfg = Release|Any CPU
		{3A817AB8-109C-4B89-BF7B-633DFACB07BE}.Release|Any CPU.Build.0 = Release|Any CPU
		{3A817AB8-109C-4B89-BF7B-633DFACB07BE}.Release|arm64.ActiveCfg = Release|Any CPU
		{3A817AB8-109C-4B89-BF7B-633DFACB07BE}.Release|arm64.Build.0 = Release|Any CPU
		{3A817AB8-109C-4B89-BF7B-633DFACB07BE}.Release|x64.ActiveCfg = Release|Any CPU
		{3A817AB8-109C-4B89-BF7B-633DFACB07BE}.Release|x64.Build.0 = Release|Any CPU
		{3A817AB8-109C-4B89-BF7B-633DFACB07BE}.Release|x86.ActiveCfg = Release|Any CPU
		{3A817AB8-109C-4B89-BF7B-633DFACB07BE}.Release|x86.Build.0 = Release|Any CPU
		{74E83D60-36EA-4B96-B337-0825573930BE}.Debug|Any CPU.ActiveCfg = Debug|Any CPU
		{74E83D60-36EA-4B96-B337-0825573930BE}.Debug|Any CPU.Build.0 = Debug|Any CPU
		{74E83D60-36EA-4B96-B337-0825573930BE}.Debug|arm64.ActiveCfg = Debug|Any CPU
		{74E83D60-36EA-4B96-B337-0825573930BE}.Debug|arm64.Build.0 = Debug|Any CPU
		{74E83D60-36EA-4B96-B337-0825573930BE}.Debug|x64.ActiveCfg = Debug|Any CPU
		{74E83D60-36EA-4B96-B337-0825573930BE}.Debug|x64.Build.0 = Debug|Any CPU
		{74E83D60-36EA-4B96-B337-0825573930BE}.Debug|x86.ActiveCfg = Debug|Any CPU
		{74E83D60-36EA-4B96-B337-0825573930BE}.Debug|x86.Build.0 = Debug|Any CPU
		{74E83D60-36EA-4B96-B337-0825573930BE}.Release|Any CPU.ActiveCfg = Release|Any CPU
		{74E83D60-36EA-4B96-B337-0825573930BE}.Release|Any CPU.Build.0 = Release|Any CPU
		{74E83D60-36EA-4B96-B337-0825573930BE}.Release|arm64.ActiveCfg = Release|Any CPU
		{74E83D60-36EA-4B96-B337-0825573930BE}.Release|arm64.Build.0 = Release|Any CPU
		{74E83D60-36EA-4B96-B337-0825573930BE}.Release|x64.ActiveCfg = Release|Any CPU
		{74E83D60-36EA-4B96-B337-0825573930BE}.Release|x64.Build.0 = Release|Any CPU
		{74E83D60-36EA-4B96-B337-0825573930BE}.Release|x86.ActiveCfg = Release|Any CPU
		{74E83D60-36EA-4B96-B337-0825573930BE}.Release|x86.Build.0 = Release|Any CPU
	EndGlobalSection
	GlobalSection(SolutionProperties) = preSolution
		HideSolutionNode = FALSE
	EndGlobalSection
	GlobalSection(NestedProjects) = preSolution
		{C1F77FB2-F83A-420B-86FA-1297F92D2D30} = {EA4567EE-4E62-4158-BE8A-78979B7F5D93}
		{16E068E2-CB21-4F37-8306-229726AB72D1} = {EA4567EE-4E62-4158-BE8A-78979B7F5D93}
		{19C7F3EB-CC83-487A-9FE4-C2FEF034C8B5} = {EA4567EE-4E62-4158-BE8A-78979B7F5D93}
		{F22DDE0C-6204-4C7B-ACF5-25615B503266} = {64606185-013D-4D3D-BCF1-6A58F94FA0FE}
		{3A817AB8-109C-4B89-BF7B-633DFACB07BE} = {64606185-013D-4D3D-BCF1-6A58F94FA0FE}
		{74E83D60-36EA-4B96-B337-0825573930BE} = {EA4567EE-4E62-4158-BE8A-78979B7F5D93}
	EndGlobalSection
	GlobalSection(ExtensibilityGlobals) = postSolution
		SolutionGuid = {D523CCC0-D59C-4708-9394-697979369E10}
	EndGlobalSection
EndGlobal
